// !$*UTF8*$!
{
	archiveVersion = 1;
	classes = {
	};
	objectVersion = 77;
	objects = {

/* Begin PBXBuildFile section */
		5E8EBC5C2F4FE1B20006A5B3 /* GrainStorageWatch Watch App.app in Embed Watch Content */ = {isa = PBXBuildFile; fileRef = 5E8EBC3C2F4FE1AF0006A5B3 /* GrainStorageWatch Watch App.app */; settings = {ATTRIBUTES = (RemoveHeadersOnCopy, ); }; };
/* End PBXBuildFile section */

/* Begin PBXContainerItemProxy section */
		5E8EB5E62F4C5C0D0006A5B3 /* PBXContainerItemProxy */ = {
			isa = PBXContainerItemProxy;
			containerPortal = 5E8EB5CC2F4C5C090006A5B3 /* Project object */;
			proxyType = 1;
			remoteGlobalIDString = 5E8EB5D32F4C5C090006A5B3;
			remoteInfo = Tepari;
		};
		5E8EB5F02F4C5C0D0006A5B3 /* PBXContainerItemProxy */ = {
			isa = PBXContainerItemProxy;
			containerPortal = 5E8EB5CC2F4C5C090006A5B3 /* Project object */;
			proxyType = 1;
			remoteGlobalIDString = 5E8EB5D32F4C5C090006A5B3;
			remoteInfo = Tepari;
		};
		5E8EBC492F4FE1B20006A5B3 /* PBXContainerItemProxy */ = {
			isa = PBXContainerItemProxy;
			containerPortal = 5E8EB5CC2F4C5C090006A5B3 /* Project object */;
			proxyType = 1;
			remoteGlobalIDString = 5E8EBC3B2F4FE1AF0006A5B3;
			remoteInfo = "GrainStorageWatch Watch App";
		};
		5E8EBC532F4FE1B20006A5B3 /* PBXContainerItemProxy */ = {
			isa = PBXContainerItemProxy;
			containerPortal = 5E8EB5CC2F4C5C090006A5B3 /* Project object */;
			proxyType = 1;
			remoteGlobalIDString = 5E8EBC3B2F4FE1AF0006A5B3;
			remoteInfo = "GrainStorageWatch Watch App";
		};
		5E8EBC5A2F4FE1B20006A5B3 /* PBXContainerItemProxy */ = {
			isa = PBXContainerItemProxy;
			containerPortal = 5E8EB5CC2F4C5C090006A5B3 /* Project object */;
			proxyType = 1;
			remoteGlobalIDString = 5E8EBC3B2F4FE1AF0006A5B3;
			remoteInfo = "GrainStorageWatch Watch App";
		};
/* End PBXContainerItemProxy section */

/* Begin PBXCopyFilesBuildPhase section */
		5E8EBC602F4FE1B20006A5B3 /* Embed Watch Content */ = {
			isa = PBXCopyFilesBuildPhase;
			buildActionMask = 2147483647;
			dstPath = "$(CONTENTS_FOLDER_PATH)/Watch";
			dstSubfolderSpec = 16;
			files = (
				5E8EBC5C2F4FE1B20006A5B3 /* GrainStorageWatch Watch App.app in Embed Watch Content */,
			);
			name = "Embed Watch Content";
			runOnlyForDeploymentPostprocessing = 0;
		};
/* End PBXCopyFilesBuildPhase section */

/* Begin PBXFileReference section */
		5E8EB5D42F4C5C090006A5B3 /* Tepari.app */ = {isa = PBXFileReference; explicitFileType = wrapper.application; includeInIndex = 0; path = Tepari.app; sourceTree = BUILT_PRODUCTS_DIR; };
		5E8EB5E52F4C5C0D0006A5B3 /* TepariTests.xctest */ = {isa = PBXFileReference; explicitFileType = wrapper.cfbundle; includeInIndex = 0; path = TepariTests.xctest; sourceTree = BUILT_PRODUCTS_DIR; };
		5E8EB5EF2F4C5C0D0006A5B3 /* TepariUITests.xctest */ = {isa = PBXFileReference; explicitFileType = wrapper.cfbundle; includeInIndex = 0; path = TepariUITests.xctest; sourceTree = BUILT_PRODUCTS_DIR; };
		5E8EBC3C2F4FE1AF0006A5B3 /* GrainStorageWatch Watch App.app */ = {isa = PBXFileReference; explicitFileType = wrapper.application; includeInIndex = 0; path = "GrainStorageWatch Watch App.app"; sourceTree = BUILT_PRODUCTS_DIR; };
		5E8EBC482F4FE1B20006A5B3 /* GrainStorageWatch Watch AppTests.xctest */ = {isa = PBXFileReference; explicitFileType = wrapper.cfbundle; includeInIndex = 0; path = "GrainStorageWatch Watch AppTests.xctest"; sourceTree = BUILT_PRODUCTS_DIR; };
		5E8EBC522F4FE1B20006A5B3 /* GrainStorageWatch Watch AppUITests.xctest */ = {isa = PBXFileReference; explicitFileType = wrapper.cfbundle; includeInIndex = 0; path = "GrainStorageWatch Watch AppUITests.xctest"; sourceTree = BUILT_PRODUCTS_DIR; };
/* End PBXFileReference section */

/* Begin PBXFileSystemSynchronizedBuildFileExceptionSet section */
		5E5A933C2F514AA40083752E /* Exceptions for "Tepari" folder in "TepariTests" target */ = {
			isa = PBXFileSystemSynchronizedBuildFileExceptionSet;
			membershipExceptions = (
				Utils/TepariTests/TepariTests.swift,
			);
			target = 5E8EB5E42F4C5C0D0006A5B3 /* TepariTests */;
		};
		5E5A93422F514AA70083752E /* Exceptions for "Tepari" folder in "TepariUITests" target */ = {
			isa = PBXFileSystemSynchronizedBuildFileExceptionSet;
			membershipExceptions = (
				Utils/TepariUITests/TepariUITests.swift,
				Utils/TepariUITests/TepariUITestsLaunchTests.swift,
			);
			target = 5E8EB5EE2F4C5C0D0006A5B3 /* TepariUITests */;
		};
		5E5A93462F514AAD0083752E /* Exceptions for "Tepari" folder in "GrainStorageWatch Watch AppTests" target */ = {
			isa = PBXFileSystemSynchronizedBuildFileExceptionSet;
			membershipExceptions = (
				"Utils/GrainStorageWatch Watch AppTests/GrainStorageWatch_Watch_AppTests.swift",
			);
			target = 5E8EBC472F4FE1B20006A5B3 /* GrainStorageWatch Watch AppTests */;
		};
		5E5A934C2F514AB00083752E /* Exceptions for "Tepari" folder in "GrainStorageWatch Watch AppUITests" target */ = {
			isa = PBXFileSystemSynchronizedBuildFileExceptionSet;
			membershipExceptions = (
				"Utils/GrainStorageWatch Watch AppUITests/GrainStorageWatch_Watch_AppUITests.swift",
				"Utils/GrainStorageWatch Watch AppUITests/GrainStorageWatch_Watch_AppUITestsLaunchTests.swift",
			);
			target = 5E8EBC512F4FE1B20006A5B3 /* GrainStorageWatch Watch AppUITests */;
		};
		5E8EB5F72F4C5C0D0006A5B3 /* Exceptions for "Tepari" folder in "Tepari" target */ = {
			isa = PBXFileSystemSynchronizedBuildFileExceptionSet;
			membershipExceptions = (
				Info.plist,
				UI/SessionSetup/Session.swift,
				"Utils/GrainStorageWatch Watch AppTests/GrainStorageWatch_Watch_AppTests.swift",
				"Utils/GrainStorageWatch Watch AppUITests/GrainStorageWatch_Watch_AppUITests.swift",
				"Utils/GrainStorageWatch Watch AppUITests/GrainStorageWatch_Watch_AppUITestsLaunchTests.swift",
				Utils/TepariTests/TepariTests.swift,
				Utils/TepariUITests/TepariUITests.swift,
				Utils/TepariUITests/TepariUITestsLaunchTests.swift,
			);
			target = 5E8EB5D32F4C5C090006A5B3 /* Tepari */;
		};
		5E8EBC762F4FE4810006A5B3 /* Exceptions for "Tepari" folder in "GrainStorageWatch Watch App" target */ = {
			isa = PBXFileSystemSynchronizedBuildFileExceptionSet;
			membershipExceptions = (
				Drafting/DraftPosition.swift,
			);
			target = 5E8EBC3B2F4FE1AF0006A5B3 /* GrainStorageWatch Watch App */;
		};
/* End PBXFileSystemSynchronizedBuildFileExceptionSet section */

/* Begin PBXFileSystemSynchronizedRootGroup section */
		5E8EB5D62F4C5C090006A5B3 /* Tepari */ = {
			isa = PBXFileSystemSynchronizedRootGroup;
			exceptions = (
				5E8EB5F72F4C5C0D0006A5B3 /* Exceptions for "Tepari" folder in "Tepari" target */,
				5E5A933C2F514AA40083752E /* Exceptions for "Tepari" folder in "TepariTests" target */,
				5E5A93422F514AA70083752E /* Exceptions for "Tepari" folder in "TepariUITests" target */,
				5E8EBC762F4FE4810006A5B3 /* Exceptions for "Tepari" folder in "GrainStorageWatch Watch App" target */,
				5E5A93462F514AAD0083752E /* Exceptions for "Tepari" folder in "GrainStorageWatch Watch AppTests" target */,
				5E5A934C2F514AB00083752E /* Exceptions for "Tepari" folder in "GrainStorageWatch Watch AppUITests" target */,
			);
			path = Tepari;
			sourceTree = "<group>";
		};
		5E8EBC3D2F4FE1AF0006A5B3 /* Tepari Watch App */ = {
			isa = PBXFileSystemSynchronizedRootGroup;
			path = "Tepari Watch App";
			sourceTree = "<group>";
		};
/* End PBXFileSystemSynchronizedRootGroup section */

/* Begin PBXFrameworksBuildPhase section */
		5E8EB5D12F4C5C090006A5B3 /* Frameworks */ = {
			isa = PBXFrameworksBuildPhase;
			buildActionMask = 2147483647;
			files = (
			);
			runOnlyForDeploymentPostprocessing = 0;
		};
		5E8EB5E22F4C5C0D0006A5B3 /* Frameworks */ = {
			isa = PBXFrameworksBuildPhase;
			buildActionMask = 2147483647;
			files = (
			);
			runOnlyForDeploymentPostprocessing = 0;
		};
		5E8EB5EC2F4C5C0D0006A5B3 /* Frameworks */ = {
			isa = PBXFrameworksBuildPhase;
			buildActionMask = 2147483647;
			files = (
			);
			runOnlyForDeploymentPostprocessing = 0;
		};
		5E8EBC392F4FE1AF0006A5B3 /* Frameworks */ = {
			isa = PBXFrameworksBuildPhase;
			buildActionMask = 2147483647;
			files = (
			);
			runOnlyForDeploymentPostprocessing = 0;
		};
		5E8EBC452F4FE1B20006A5B3 /* Frameworks */ = {
			isa = PBXFrameworksBuildPhase;
			buildActionMask = 2147483647;
			files = (
			);
			runOnlyForDeploymentPostprocessing = 0;
		};
		5E8EBC4F2F4FE1B20006A5B3 /* Frameworks */ = {
			isa = PBXFrameworksBuildPhase;
			buildActionMask = 2147483647;
			files = (
			);
			runOnlyForDeploymentPostprocessing = 0;
		};
/* End PBXFrameworksBuildPhase section */

/* Begin PBXGroup section */
		5E8EB5CB2F4C5C090006A5B3 = {
			isa = PBXGroup;
			children = (
				5E8EB5D62F4C5C090006A5B3 /* Tepari */,
				5E8EBC3D2F4FE1AF0006A5B3 /* Tepari Watch App */,
				5E8EB5D52F4C5C090006A5B3 /* Products */,
			);
			sourceTree = "<group>";
		};
		5E8EB5D52F4C5C090006A5B3 /* Products */ = {
			isa = PBXGroup;
			children = (
				5E8EB5D42F4C5C090006A5B3 /* Tepari.app */,
				5E8EB5E52F4C5C0D0006A5B3 /* TepariTests.xctest */,
				5E8EB5EF2F4C5C0D0006A5B3 /* TepariUITests.xctest */,
				5E8EBC3C2F4FE1AF0006A5B3 /* GrainStorageWatch Watch App.app */,
				5E8EBC482F4FE1B20006A5B3 /* GrainStorageWatch Watch AppTests.xctest */,
				5E8EBC522F4FE1B20006A5B3 /* GrainStorageWatch Watch AppUITests.xctest */,
			);
			name = Products;
			sourceTree = "<group>";
		};
/* End PBXGroup section */

/* Begin PBXNativeTarget section */
		5E8EB5D32F4C5C090006A5B3 /* Tepari */ = {
			isa = PBXNativeTarget;
			buildConfigurationList = 5E8EB5F82F4C5C0D0006A5B3 /* Build configuration list for PBXNativeTarget "Tepari" */;
			buildPhases = (
				5E8EB5D02F4C5C090006A5B3 /* Sources */,
				5E8EB5D12F4C5C090006A5B3 /* Frameworks */,
				5E8EB5D22F4C5C090006A5B3 /* Resources */,
				5E8EBC602F4FE1B20006A5B3 /* Embed Watch Content */,
			);
			buildRules = (
			);
			dependencies = (
				5E8EBC5B2F4FE1B20006A5B3 /* PBXTargetDependency */,
			);
			fileSystemSynchronizedGroups = (
				5E8EB5D62F4C5C090006A5B3 /* Tepari */,
			);
			name = Tepari;
			packageProductDependencies = (
			);
			productName = Tepari;
			productReference = 5E8EB5D42F4C5C090006A5B3 /* Tepari.app */;
			productType = "com.apple.product-type.application";
		};
		5E8EB5E42F4C5C0D0006A5B3 /* TepariTests */ = {
			isa = PBXNativeTarget;
			buildConfigurationList = 5E8EB5FD2F4C5C0D0006A5B3 /* Build configuration list for PBXNativeTarget "TepariTests" */;
			buildPhases = (
				5E8EB5E12F4C5C0D0006A5B3 /* Sources */,
				5E8EB5E22F4C5C0D0006A5B3 /* Frameworks */,
				5E8EB5E32F4C5C0D0006A5B3 /* Resources */,
			);
			buildRules = (
			);
			dependencies = (
				5E8EB5E72F4C5C0D0006A5B3 /* PBXTargetDependency */,
			);
			name = TepariTests;
			packageProductDependencies = (
			);
			productName = TepariTests;
			productReference = 5E8EB5E52F4C5C0D0006A5B3 /* TepariTests.xctest */;
			productType = "com.apple.product-type.bundle.unit-test";
		};
		5E8EB5EE2F4C5C0D0006A5B3 /* TepariUITests */ = {
			isa = PBXNativeTarget;
			buildConfigurationList = 5E8EB6002F4C5C0D0006A5B3 /* Build configuration list for PBXNativeTarget "TepariUITests" */;
			buildPhases = (
				5E8EB5EB2F4C5C0D0006A5B3 /* Sources */,
				5E8EB5EC2F4C5C0D0006A5B3 /* Frameworks */,
				5E8EB5ED2F4C5C0D0006A5B3 /* Resources */,
			);
			buildRules = (
			);
			dependencies = (
				5E8EB5F12F4C5C0D0006A5B3 /* PBXTargetDependency */,
			);
			name = TepariUITests;
			packageProductDependencies = (
			);
			productName = TepariUITests;
			productReference = 5E8EB5EF2F4C5C0D0006A5B3 /* TepariUITests.xctest */;
			productType = "com.apple.product-type.bundle.ui-testing";
		};
		5E8EBC3B2F4FE1AF0006A5B3 /* GrainStorageWatch Watch App */ = {
			isa = PBXNativeTarget;
			buildConfigurationList = 5E8EBC5D2F4FE1B20006A5B3 /* Build configuration list for PBXNativeTarget "GrainStorageWatch Watch App" */;
			buildPhases = (
				5E8EBC382F4FE1AF0006A5B3 /* Sources */,
				5E8EBC392F4FE1AF0006A5B3 /* Frameworks */,
				5E8EBC3A2F4FE1AF0006A5B3 /* Resources */,
			);
			buildRules = (
			);
			dependencies = (
			);
			fileSystemSynchronizedGroups = (
				5E8EBC3D2F4FE1AF0006A5B3 /* Tepari Watch App */,
			);
			name = "GrainStorageWatch Watch App";
			packageProductDependencies = (
			);
			productName = "GrainStorageWatch Watch App";
			productReference = 5E8EBC3C2F4FE1AF0006A5B3 /* GrainStorageWatch Watch App.app */;
			productType = "com.apple.product-type.application";
		};
		5E8EBC472F4FE1B20006A5B3 /* GrainStorageWatch Watch AppTests */ = {
			isa = PBXNativeTarget;
			buildConfigurationList = 5E8EBC612F4FE1B20006A5B3 /* Build configuration list for PBXNativeTarget "GrainStorageWatch Watch AppTests" */;
			buildPhases = (
				5E8EBC442F4FE1B20006A5B3 /* Sources */,
				5E8EBC452F4FE1B20006A5B3 /* Frameworks */,
				5E8EBC462F4FE1B20006A5B3 /* Resources */,
			);
			buildRules = (
			);
			dependencies = (
				5E8EBC4A2F4FE1B20006A5B3 /* PBXTargetDependency */,
			);
			name = "GrainStorageWatch Watch AppTests";
			packageProductDependencies = (
			);
			productName = "GrainStorageWatch Watch AppTests";
			productReference = 5E8EBC482F4FE1B20006A5B3 /* GrainStorageWatch Watch AppTests.xctest */;
			productType = "com.apple.product-type.bundle.unit-test";
		};
		5E8EBC512F4FE1B20006A5B3 /* GrainStorageWatch Watch AppUITests */ = {
			isa = PBXNativeTarget;
			buildConfigurationList = 5E8EBC642F4FE1B20006A5B3 /* Build configuration list for PBXNativeTarget "GrainStorageWatch Watch AppUITests" */;
			buildPhases = (
				5E8EBC4E2F4FE1B20006A5B3 /* Sources */,
				5E8EBC4F2F4FE1B20006A5B3 /* Frameworks */,
				5E8EBC502F4FE1B20006A5B3 /* Resources */,
			);
			buildRules = (
			);
			dependencies = (
				5E8EBC542F4FE1B20006A5B3 /* PBXTargetDependency */,
			);
			name = "GrainStorageWatch Watch AppUITests";
			packageProductDependencies = (
			);
			productName = "GrainStorageWatch Watch AppUITests";
			productReference = 5E8EBC522F4FE1B20006A5B3 /* GrainStorageWatch Watch AppUITests.xctest */;
			productType = "com.apple.product-type.bundle.ui-testing";
		};
/* End PBXNativeTarget section */

/* Begin PBXProject section */
		5E8EB5CC2F4C5C090006A5B3 /* Project object */ = {
			isa = PBXProject;
			attributes = {
				BuildIndependentTargetsInParallel = 1;
				LastSwiftUpdateCheck = 2620;
				LastUpgradeCheck = 2630;
				TargetAttributes = {
					5E8EB5D32F4C5C090006A5B3 = {
						CreatedOnToolsVersion = 26.2;
					};
					5E8EB5E42F4C5C0D0006A5B3 = {
						CreatedOnToolsVersion = 26.2;
						TestTargetID = 5E8EB5D32F4C5C090006A5B3;
					};
					5E8EB5EE2F4C5C0D0006A5B3 = {
						CreatedOnToolsVersion = 26.2;
						TestTargetID = 5E8EB5D32F4C5C090006A5B3;
					};
					5E8EBC3B2F4FE1AF0006A5B3 = {
						CreatedOnToolsVersion = 26.2;
					};
					5E8EBC472F4FE1B20006A5B3 = {
						CreatedOnToolsVersion = 26.2;
						TestTargetID = 5E8EBC3B2F4FE1AF0006A5B3;
					};
					5E8EBC512F4FE1B20006A5B3 = {
						CreatedOnToolsVersion = 26.2;
						TestTargetID = 5E8EBC3B2F4FE1AF0006A5B3;
					};
				};
			};
			buildConfigurationList = 5E8EB5CF2F4C5C090006A5B3 /* Build configuration list for PBXProject "Tepari" */;
			developmentRegion = en;
			hasScannedForEncodings = 0;
			knownRegions = (
				en,
				Base,
			);
			mainGroup = 5E8EB5CB2F4C5C090006A5B3;
			minimizedProjectReferenceProxies = 1;
			preferredProjectObjectVersion = 77;
			productRefGroup = 5E8EB5D52F4C5C090006A5B3 /* Products */;
			projectDirPath = "";
			projectRoot = "";
			targets = (
				5E8EB5D32F4C5C090006A5B3 /* Tepari */,
				5E8EB5E42F4C5C0D0006A5B3 /* TepariTests */,
				5E8EB5EE2F4C5C0D0006A5B3 /* TepariUITests */,
				5E8EBC3B2F4FE1AF0006A5B3 /* GrainStorageWatch Watch App */,
				5E8EBC472F4FE1B20006A5B3 /* GrainStorageWatch Watch AppTests */,
				5E8EBC512F4FE1B20006A5B3 /* GrainStorageWatch Watch AppUITests */,
			);
		};
/* End PBXProject section */

/* Begin PBXResourcesBuildPhase section */
		5E8EB5D22F4C5C090006A5B3 /* Resources */ = {
			isa = PBXResourcesBuildPhase;
			buildActionMask = 2147483647;
			files = (
			);
			runOnlyForDeploymentPostprocessing = 0;
		};
		5E8EB5E32F4C5C0D0006A5B3 /* Resources */ = {
			isa = PBXResourcesBuildPhase;
			buildActionMask = 2147483647;
			files = (
			);
			runOnlyForDeploymentPostprocessing = 0;
		};
		5E8EB5ED2F4C5C0D0006A5B3 /* Resources */ = {
			isa = PBXResourcesBuildPhase;
			buildActionMask = 2147483647;
			files = (
			);
			runOnlyForDeploymentPostprocessing = 0;
		};
		5E8EBC3A2F4FE1AF0006A5B3 /* Resources */ = {
			isa = PBXResourcesBuildPhase;
			buildActionMask = 2147483647;
			files = (
			);
			runOnlyForDeploymentPostprocessing = 0;
		};
		5E8EBC462F4FE1B20006A5B3 /* Resources */ = {
			isa = PBXResourcesBuildPhase;
			buildActionMask = 2147483647;
			files = (
			);
			runOnlyForDeploymentPostprocessing = 0;
		};
		5E8EBC502F4FE1B20006A5B3 /* Resources */ = {
			isa = PBXResourcesBuildPhase;
			buildActionMask = 2147483647;
			files = (
			);
			runOnlyForDeploymentPostprocessing = 0;
		};
/* End PBXResourcesBuildPhase section */

/* Begin PBXSourcesBuildPhase section */
		5E8EB5D02F4C5C090006A5B3 /* Sources */ = {
			isa = PBXSourcesBuildPhase;
			buildActionMask = 2147483647;
			files = (
			);
			runOnlyForDeploymentPostprocessing = 0;
		};
		5E8EB5E12F4C5C0D0006A5B3 /* Sources */ = {
			isa = PBXSourcesBuildPhase;
			buildActionMask = 2147483647;
			files = (
			);
			runOnlyForDeploymentPostprocessing = 0;
		};
		5E8EB5EB2F4C5C0D0006A5B3 /* Sources */ = {
			isa = PBXSourcesBuildPhase;
			buildActionMask = 2147483647;
			files = (
			);
			runOnlyForDeploymentPostprocessing = 0;
		};
		5E8EBC382F4FE1AF0006A5B3 /* Sources */ = {
			isa = PBXSourcesBuildPhase;
			buildActionMask = 2147483647;
			files = (
			);
			runOnlyForDeploymentPostprocessing = 0;
		};
		5E8EBC442F4FE1B20006A5B3 /* Sources */ = {
			isa = PBXSourcesBuildPhase;
			buildActionMask = 2147483647;
			files = (
			);
			runOnlyForDeploymentPostprocessing = 0;
		};
		5E8EBC4E2F4FE1B20006A5B3 /* Sources */ = {
			isa = PBXSourcesBuildPhase;
			buildActionMask = 2147483647;
			files = (
			);
			runOnlyForDeploymentPostprocessing = 0;
		};
/* End PBXSourcesBuildPhase section */

/* Begin PBXTargetDependency section */
		5E8EB5E72F4C5C0D0006A5B3 /* PBXTargetDependency */ = {
			isa = PBXTargetDependency;
			target = 5E8EB5D32F4C5C090006A5B3 /* Tepari */;
			targetProxy = 5E8EB5E62F4C5C0D0006A5B3 /* PBXContainerItemProxy */;
		};
		5E8EB5F12F4C5C0D0006A5B3 /* PBXTargetDependency */ = {
			isa = PBXTargetDependency;
			target = 5E8EB5D32F4C5C090006A5B3 /* Tepari */;
			targetProxy = 5E8EB5F02F4C5C0D0006A5B3 /* PBXContainerItemProxy */;
		};
		5E8EBC4A2F4FE1B20006A5B3 /* PBXTargetDependency */ = {
			isa = PBXTargetDependency;
			target = 5E8EBC3B2F4FE1AF0006A5B3 /* GrainStorageWatch Watch App */;
			targetProxy = 5E8EBC492F4FE1B20006A5B3 /* PBXContainerItemProxy */;
		};
		5E8EBC542F4FE1B20006A5B3 /* PBXTargetDependency */ = {
			isa = PBXTargetDependency;
			target = 5E8EBC3B2F4FE1AF0006A5B3 /* GrainStorageWatch Watch App */;
			targetProxy = 5E8EBC532F4FE1B20006A5B3 /* PBXContainerItemProxy */;
		};
		5E8EBC5B2F4FE1B20006A5B3 /* PBXTargetDependency */ = {
			isa = PBXTargetDependency;
			target = 5E8EBC3B2F4FE1AF0006A5B3 /* GrainStorageWatch Watch App */;
			targetProxy = 5E8EBC5A2F4FE1B20006A5B3 /* PBXContainerItemProxy */;
		};
/* End PBXTargetDependency section */

/* Begin XCBuildConfiguration section */
		5E8EB5F92F4C5C0D0006A5B3 /* Debug */ = {
			isa = XCBuildConfiguration;
			buildSettings = {
				ASSETCATALOG_COMPILER_APPICON_NAME = AppIcon;
				ASSETCATALOG_COMPILER_GLOBAL_ACCENT_COLOR_NAME = AccentColor;
				CODE_SIGN_ENTITLEMENTS = Tepari/Tepari.entitlements;
				CODE_SIGN_IDENTITY = "Apple Development";
				CODE_SIGN_STYLE = Automatic;
				CURRENT_PROJECT_VERSION = 1;
				DEVELOPMENT_TEAM = UX6Z4ZY692;
				ENABLE_PREVIEWS = YES;
				GENERATE_INFOPLIST_FILE = YES;
				INFOPLIST_FILE = Tepari/Info.plist;
				INFOPLIST_KEY_NSBluetoothAlwaysUsageDescription = "Tepari Connects to EID stick reader to scan animakl tags.";
				INFOPLIST_KEY_NSBluetoothPeripheralUsageDescription = "Tepari uses Bluetooth to connect to external devices like panel readers.";
				INFOPLIST_KEY_NSCameraUsageDescription = "Used to test staple length measurement";
				INFOPLIST_KEY_NSLocalNetworkUsageDescription = "Need to Control draft relays over local Wi_Fi (ESP32)";
				INFOPLIST_KEY_UIApplicationSceneManifest_Generation = YES;
				INFOPLIST_KEY_UIApplicationSupportsIndirectInputEvents = YES;
				INFOPLIST_KEY_UILaunchScreen_Generation = YES;
				INFOPLIST_KEY_UISupportedInterfaceOrientations_iPad = "UIInterfaceOrientationPortrait UIInterfaceOrientationPortraitUpsideDown UIInterfaceOrientationLandscapeLeft UIInterfaceOrientationLandscapeRight";
				INFOPLIST_KEY_UISupportedInterfaceOrientations_iPhone = "UIInterfaceOrientationPortrait UIInterfaceOrientationLandscapeLeft UIInterfaceOrientationLandscapeRight";
				LD_RUNPATH_SEARCH_PATHS = (
					"$(inherited)",
					"@executable_path/Frameworks",
				);
				MARKETING_VERSION = 1.0;
				PRODUCT_BUNDLE_IDENTIFIER = GP.Tepari;
				PRODUCT_NAME = "$(TARGET_NAME)";
				PROVISIONING_PROFILE_SPECIFIER = "";
				STRING_CATALOG_GENERATE_SYMBOLS = YES;
				SWIFT_APPROACHABLE_CONCURRENCY = YES;
				SWIFT_DEFAULT_ACTOR_ISOLATION = MainActor;
				SWIFT_EMIT_LOC_STRINGS = YES;
				SWIFT_UPCOMING_FEATURE_MEMBER_IMPORT_VISIBILITY = YES;
				SWIFT_VERSION = 5.0;
				TARGETED_DEVICE_FAMILY = "1,2";
			};
			name = Debug;
		};
		5E8EB5FA2F4C5C0D0006A5B3 /* Release */ = {
			isa = XCBuildConfiguration;
			buildSettings = {
				ASSETCATALOG_COMPILER_APPICON_NAME = AppIcon;
				ASSETCATALOG_COMPILER_GLOBAL_ACCENT_COLOR_NAME = AccentColor;
				CODE_SIGN_ENTITLEMENTS = Tepari/Tepari.entitlements;
				CODE_SIGN_IDENTITY = "Apple Development";
				CODE_SIGN_STYLE = Automatic;
				CURRENT_PROJECT_VERSION = 1;
				DEVELOPMENT_TEAM = UX6Z4ZY692;
				ENABLE_PREVIEWS = YES;
				GENERATE_INFOPLIST_FILE = YES;
				INFOPLIST_FILE = Tepari/Info.plist;
				INFOPLIST_KEY_NSBluetoothAlwaysUsageDescription = "Tepari Connects to EID stick reader to scan animakl tags.";
				INFOPLIST_KEY_NSBluetoothPeripheralUsageDescription = "Tepari uses Bluetooth to connect to external devices like panel readers.";
				INFOPLIST_KEY_NSCameraUsageDescription = "Used to test staple length measurement";
				INFOPLIST_KEY_NSLocalNetworkUsageDescription = "Need to Control draft relays over local Wi_Fi (ESP32)";
				INFOPLIST_KEY_UIApplicationSceneManifest_Generation = YES;
				INFOPLIST_KEY_UIApplicationSupportsIndirectInputEvents = YES;
				INFOPLIST_KEY_UILaunchScreen_Generation = YES;
				INFOPLIST_KEY_UISupportedInterfaceOrientations_iPad = "UIInterfaceOrientationPortrait UIInterfaceOrientationPortraitUpsideDown UIInterfaceOrientationLandscapeLeft UIInterfaceOrientationLandscapeRight";
				INFOPLIST_KEY_UISupportedInterfaceOrientations_iPhone = "UIInterfaceOrientationPortrait UIInterfaceOrientationLandscapeLeft UIInterfaceOrientationLandscapeRight";
				LD_RUNPATH_SEARCH_PATHS = (
					"$(inherited)",
					"@executable_path/Frameworks",
				);
				MARKETING_VERSION = 1.0;
				PRODUCT_BUNDLE_IDENTIFIER = GP.Tepari;
				PRODUCT_NAME = "$(TARGET_NAME)";
				PROVISIONING_PROFILE_SPECIFIER = "";
				STRING_CATALOG_GENERATE_SYMBOLS = YES;
				SWIFT_APPROACHABLE_CONCURRENCY = YES;
				SWIFT_DEFAULT_ACTOR_ISOLATION = MainActor;
				SWIFT_EMIT_LOC_STRINGS = YES;
				SWIFT_UPCOMING_FEATURE_MEMBER_IMPORT_VISIBILITY = YES;
				SWIFT_VERSION = 5.0;
				TARGETED_DEVICE_FAMILY = "1,2";
			};
			name = Release;
		};
		5E8EB5FB2F4C5C0D0006A5B3 /* Debug */ = {
			isa = XCBuildConfiguration;
			buildSettings = {
				ALWAYS_SEARCH_USER_PATHS = NO;
				ASSETCATALOG_COMPILER_GENERATE_SWIFT_ASSET_SYMBOL_EXTENSIONS = YES;
				CLANG_ANALYZER_NONNULL = YES;
				CLANG_ANALYZER_NUMBER_OBJECT_CONVERSION = YES_AGGRESSIVE;
				CLANG_CXX_LANGUAGE_STANDARD = "gnu++20";
				CLANG_ENABLE_MODULES = YES;
				CLANG_ENABLE_OBJC_ARC = YES;
				CLANG_ENABLE_OBJC_WEAK = YES;
				CLANG_WARN_BLOCK_CAPTURE_AUTORELEASING = YES;
				CLANG_WARN_BOOL_CONVERSION = YES;
				CLANG_WARN_COMMA = YES;
				CLANG_WARN_CONSTANT_CONVERSION = YES;
				CLANG_WARN_DEPRECATED_OBJC_IMPLEMENTATIONS = YES;
				CLANG_WARN_DIRECT_OBJC_ISA_USAGE = YES_ERROR;
				CLANG_WARN_DOCUMENTATION_COMMENTS = YES;
				CLANG_WARN_EMPTY_BODY = YES;
				CLANG_WARN_ENUM_CONVERSION = YES;
				CLANG_WARN_INFINITE_RECURSION = YES;
				CLANG_WARN_INT_CONVERSION = YES;
				CLANG_WARN_NON_LITERAL_NULL_CONVERSION = YES;
				CLANG_WARN_OBJC_IMPLICIT_RETAIN_SELF = YES;
				CLANG_WARN_OBJC_LITERAL_CONVERSION = YES;
				CLANG_WARN_OBJC_ROOT_CLASS = YES_ERROR;
				CLANG_WARN_QUOTED_INCLUDE_IN_FRAMEWORK_HEADER = YES;
				CLANG_WARN_RANGE_LOOP_ANALYSIS = YES;
				CLANG_WARN_STRICT_PROTOTYPES = YES;
				CLANG_WARN_SUSPICIOUS_MOVE = YES;
				CLANG_WARN_UNGUARDED_AVAILABILITY = YES_AGGRESSIVE;
				CLANG_WARN_UNREACHABLE_CODE = YES;
				CLANG_WARN__DUPLICATE_METHOD_MATCH = YES;
				COPY_PHASE_STRIP = NO;
				DEBUG_INFORMATION_FORMAT = dwarf;
				DEVELOPMENT_TEAM = UX6Z4ZY692;
				ENABLE_STRICT_OBJC_MSGSEND = YES;
				ENABLE_TESTABILITY = YES;
				ENABLE_USER_SCRIPT_SANDBOXING = YES;
				GCC_C_LANGUAGE_STANDARD = gnu17;
				GCC_DYNAMIC_NO_PIC = NO;
				GCC_NO_COMMON_BLOCKS = YES;
				GCC_OPTIMIZATION_LEVEL = 0;
				GCC_PREPROCESSOR_DEFINITIONS = (
					"DEBUG=1",
					"$(inherited)",
				);
				GCC_WARN_64_TO_32_BIT_CONVERSION = YES;
				GCC_WARN_ABOUT_RETURN_TYPE = YES_ERROR;
				GCC_WARN_UNDECLARED_SELECTOR = YES;
				GCC_WARN_UNINITIALIZED_AUTOS = YES_AGGRESSIVE;
				GCC_WARN_UNUSED_FUNCTION = YES;
				GCC_WARN_UNUSED_VARIABLE = YES;
				IPHONEOS_DEPLOYMENT_TARGET = 26.2;
				LOCALIZATION_PREFERS_STRING_CATALOGS = YES;
				MTL_ENABLE_DEBUG_INFO = INCLUDE_SOURCE;
				MTL_FAST_MATH = YES;
				ONLY_ACTIVE_ARCH = YES;
				SDKROOT = iphoneos;
				STRING_CATALOG_GENERATE_SYMBOLS = YES;
				SWIFT_ACTIVE_COMPILATION_CONDITIONS = "DEBUG $(inherited)";
				SWIFT_OPTIMIZATION_LEVEL = "-Onone";
			};
			name = Debug;
		};
		5E8EB5FC2F4C5C0D0006A5B3 /* Release */ = {
			isa = XCBuildConfiguration;
			buildSettings = {
				ALWAYS_SEARCH_USER_PATHS = NO;
				ASSETCATALOG_COMPILER_GENERATE_SWIFT_ASSET_SYMBOL_EXTENSIONS = YES;
				CLANG_ANALYZER_NONNULL = YES;
				CLANG_ANALYZER_NUMBER_OBJECT_CONVERSION = YES_AGGRESSIVE;
				CLANG_CXX_LANGUAGE_STANDARD = "gnu++20";
				CLANG_ENABLE_MODULES = YES;
				CLANG_ENABLE_OBJC_ARC = YES;
				CLANG_ENABLE_OBJC_WEAK = YES;
				CLANG_WARN_BLOCK_CAPTURE_AUTORELEASING = YES;
				CLANG_WARN_BOOL_CONVERSION = YES;
				CLANG_WARN_COMMA = YES;
				CLANG_WARN_CONSTANT_CONVERSION = YES;
				CLANG_WARN_DEPRECATED_OBJC_IMPLEMENTATIONS = YES;
				CLANG_WARN_DIRECT_OBJC_ISA_USAGE = YES_ERROR;
				CLANG_WARN_DOCUMENTATION_COMMENTS = YES;
				CLANG_WARN_EMPTY_BODY = YES;
				CLANG_WARN_ENUM_CONVERSION = YES;
				CLANG_WARN_INFINITE_RECURSION = YES;
				CLANG_WARN_INT_CONVERSION = YES;
				CLANG_WARN_NON_LITERAL_NULL_CONVERSION = YES;
				CLANG_WARN_OBJC_IMPLICIT_RETAIN_SELF = YES;
				CLANG_WARN_OBJC_LITERAL_CONVERSION = YES;
				CLANG_WARN_OBJC_ROOT_CLASS = YES_ERROR;
				CLANG_WARN_QUOTED_INCLUDE_IN_FRAMEWORK_HEADER = YES;
				CLANG_WARN_RANGE_LOOP_ANALYSIS = YES;
				CLANG_WARN_STRICT_PROTOTYPES = YES;
				CLANG_WARN_SUSPICIOUS_MOVE = YES;
				CLANG_WARN_UNGUARDED_AVAILABILITY = YES_AGGRESSIVE;
				CLANG_WARN_UNREACHABLE_CODE = YES;
				CLANG_WARN__DUPLICATE_METHOD_MATCH = YES;
				COPY_PHASE_STRIP = NO;
				DEBUG_INFORMATION_FORMAT = "dwarf-with-dsym";
				DEVELOPMENT_TEAM = UX6Z4ZY692;
				ENABLE_NS_ASSERTIONS = NO;
				ENABLE_STRICT_OBJC_MSGSEND = YES;
				ENABLE_USER_SCRIPT_SANDBOXING = YES;
				GCC_C_LANGUAGE_STANDARD = gnu17;
				GCC_NO_COMMON_BLOCKS = YES;
				GCC_WARN_64_TO_32_BIT_CONVERSION = YES;
				GCC_WARN_ABOUT_RETURN_TYPE = YES_ERROR;
				GCC_WARN_UNDECLARED_SELECTOR = YES;
				GCC_WARN_UNINITIALIZED_AUTOS = YES_AGGRESSIVE;
				GCC_WARN_UNUSED_FUNCTION = YES;
				GCC_WARN_UNUSED_VARIABLE = YES;
				IPHONEOS_DEPLOYMENT_TARGET = 26.2;
				LOCALIZATION_PREFERS_STRING_CATALOGS = YES;
				MTL_ENABLE_DEBUG_INFO = NO;
				MTL_FAST_MATH = YES;
				SDKROOT = iphoneos;
				STRING_CATALOG_GENERATE_SYMBOLS = YES;
				SWIFT_COMPILATION_MODE = wholemodule;
				VALIDATE_PRODUCT = YES;
			};
			name = Release;
		};
		5E8EB5FE2F4C5C0D0006A5B3 /* Debug */ = {
			isa = XCBuildConfiguration;
			buildSettings = {
				BUNDLE_LOADER = "$(TEST_HOST)";
				CODE_SIGN_STYLE = Automatic;
				CURRENT_PROJECT_VERSION = 1;
				DEVELOPMENT_TEAM = UX6Z4ZY692;
				GENERATE_INFOPLIST_FILE = YES;
				IPHONEOS_DEPLOYMENT_TARGET = 26.2;
				MARKETING_VERSION = 1.0;
				PRODUCT_BUNDLE_IDENTIFIER = GP.TepariTests;
				PRODUCT_NAME = "$(TARGET_NAME)";
				STRING_CATALOG_GENERATE_SYMBOLS = NO;
				SWIFT_APPROACHABLE_CONCURRENCY = YES;
				SWIFT_EMIT_LOC_STRINGS = NO;
				SWIFT_UPCOMING_FEATURE_MEMBER_IMPORT_VISIBILITY = YES;
				SWIFT_VERSION = 5.0;
				TARGETED_DEVICE_FAMILY = "1,2";
				TEST_HOST = "$(BUILT_PRODUCTS_DIR)/Tepari.app/$(BUNDLE_EXECUTABLE_FOLDER_PATH)/Tepari";
			};
			name = Debug;
		};
		5E8EB5FF2F4C5C0D0006A5B3 /* Release */ = {
			isa = XCBuildConfiguration;
			buildSettings = {
				BUNDLE_LOADER = "$(TEST_HOST)";
				CODE_SIGN_STYLE = Automatic;
				CURRENT_PROJECT_VERSION = 1;
				DEVELOPMENT_TEAM = UX6Z4ZY692;
				GENERATE_INFOPLIST_FILE = YES;
				IPHONEOS_DEPLOYMENT_TARGET = 26.2;
				MARKETING_VERSION = 1.0;
				PRODUCT_BUNDLE_IDENTIFIER = GP.TepariTests;
				PRODUCT_NAME = "$(TARGET_NAME)";
				STRING_CATALOG_GENERATE_SYMBOLS = NO;
				SWIFT_APPROACHABLE_CONCURRENCY = YES;
				SWIFT_EMIT_LOC_STRINGS = NO;
				SWIFT_UPCOMING_FEATURE_MEMBER_IMPORT_VISIBILITY = YES;
				SWIFT_VERSION = 5.0;
				TARGETED_DEVICE_FAMILY = "1,2";
				TEST_HOST = "$(BUILT_PRODUCTS_DIR)/Tepari.app/$(BUNDLE_EXECUTABLE_FOLDER_PATH)/Tepari";
			};
			name = Release;
		};
		5E8EB6012F4C5C0D0006A5B3 /* Debug */ = {
			isa = XCBuildConfiguration;
			buildSettings = {
				CODE_SIGN_STYLE = Automatic;
				CURRENT_PROJECT_VERSION = 1;
				DEVELOPMENT_TEAM = UX6Z4ZY692;
				GENERATE_INFOPLIST_FILE = YES;
				MARKETING_VERSION = 1.0;
				PRODUCT_BUNDLE_IDENTIFIER = GP.TepariUITests;
				PRODUCT_NAME = "$(TARGET_NAME)";
				STRING_CATALOG_GENERATE_SYMBOLS = NO;
				SWIFT_APPROACHABLE_CONCURRENCY = YES;
				SWIFT_EMIT_LOC_STRINGS = NO;
				SWIFT_UPCOMING_FEATURE_MEMBER_IMPORT_VISIBILITY = YES;
				SWIFT_VERSION = 5.0;
				TARGETED_DEVICE_FAMILY = "1,2";
				TEST_TARGET_NAME = Tepari;
			};
			name = Debug;
		};
		5E8EB6022F4C5C0D0006A5B3 /* Release */ = {
			isa = XCBuildConfiguration;
			buildSettings = {
				CODE_SIGN_STYLE = Automatic;
				CURRENT_PROJECT_VERSION = 1;
				DEVELOPMENT_TEAM = UX6Z4ZY692;
				GENERATE_INFOPLIST_FILE = YES;
				MARKETING_VERSION = 1.0;
				PRODUCT_BUNDLE_IDENTIFIER = GP.TepariUITests;
				PRODUCT_NAME = "$(TARGET_NAME)";
				STRING_CATALOG_GENERATE_SYMBOLS = NO;
				SWIFT_APPROACHABLE_CONCURRENCY = YES;
				SWIFT_EMIT_LOC_STRINGS = NO;
				SWIFT_UPCOMING_FEATURE_MEMBER_IMPORT_VISIBILITY = YES;
				SWIFT_VERSION = 5.0;
				TARGETED_DEVICE_FAMILY = "1,2";
				TEST_TARGET_NAME = Tepari;
			};
			name = Release;
		};
		5E8EBC5E2F4FE1B20006A5B3 /* Debug */ = {
			isa = XCBuildConfiguration;
			buildSettings = {
				ASSETCATALOG_COMPILER_APPICON_NAME = AppIcon;
				ASSETCATALOG_COMPILER_GLOBAL_ACCENT_COLOR_NAME = AccentColor;
				CODE_SIGN_STYLE = Automatic;
				CURRENT_PROJECT_VERSION = 1;
				DEVELOPMENT_TEAM = UX6Z4ZY692;
				ENABLE_PREVIEWS = YES;
				GENERATE_INFOPLIST_FILE = YES;
				INFOPLIST_KEY_CFBundleDisplayName = GrainStorageWatch;
				INFOPLIST_KEY_UISupportedInterfaceOrientations = "UIInterfaceOrientationPortrait UIInterfaceOrientationPortraitUpsideDown";
				INFOPLIST_KEY_WKCompanionAppBundleIdentifier = GP.Tepari;
				LD_RUNPATH_SEARCH_PATHS = (
					"$(inherited)",
					"@executable_path/Frameworks",
				);
				MARKETING_VERSION = 1.0;
				PRODUCT_BUNDLE_IDENTIFIER = GP.Tepari.watchkitapp;
				PRODUCT_NAME = "$(TARGET_NAME)";
				SDKROOT = watchos;
				SKIP_INSTALL = YES;
				STRING_CATALOG_GENERATE_SYMBOLS = YES;
				SWIFT_APPROACHABLE_CONCURRENCY = YES;
				SWIFT_DEFAULT_ACTOR_ISOLATION = MainActor;
				SWIFT_EMIT_LOC_STRINGS = YES;
				SWIFT_UPCOMING_FEATURE_MEMBER_IMPORT_VISIBILITY = YES;
				SWIFT_VERSION = 5.0;
				TARGETED_DEVICE_FAMILY = 4;
				WATCHOS_DEPLOYMENT_TARGET = 26.2;
			};
			name = Debug;
		};
		5E8EBC5F2F4FE1B20006A5B3 /* Release */ = {
			isa = XCBuildConfiguration;
			buildSettings = {
				ASSETCATALOG_COMPILER_APPICON_NAME = AppIcon;
				ASSETCATALOG_COMPILER_GLOBAL_ACCENT_COLOR_NAME = AccentColor;
				CODE_SIGN_STYLE = Automatic;
				CURRENT_PROJECT_VERSION = 1;
				DEVELOPMENT_TEAM = UX6Z4ZY692;
				ENABLE_PREVIEWS = YES;
				GENERATE_INFOPLIST_FILE = YES;
				INFOPLIST_KEY_CFBundleDisplayName = GrainStorageWatch;
				INFOPLIST_KEY_UISupportedInterfaceOrientations = "UIInterfaceOrientationPortrait UIInterfaceOrientationPortraitUpsideDown";
				INFOPLIST_KEY_WKCompanionAppBundleIdentifier = GP.Tepari;
				LD_RUNPATH_SEARCH_PATHS = (
					"$(inherited)",
					"@executable_path/Frameworks",
				);
				MARKETING_VERSION = 1.0;
				PRODUCT_BUNDLE_IDENTIFIER = GP.Tepari.watchkitapp;
				PRODUCT_NAME = "$(TARGET_NAME)";
				SDKROOT = watchos;
				SKIP_INSTALL = YES;
				STRING_CATALOG_GENERATE_SYMBOLS = YES;
				SWIFT_APPROACHABLE_CONCURRENCY = YES;
				SWIFT_DEFAULT_ACTOR_ISOLATION = MainActor;
				SWIFT_EMIT_LOC_STRINGS = YES;
				SWIFT_UPCOMING_FEATURE_MEMBER_IMPORT_VISIBILITY = YES;
				SWIFT_VERSION = 5.0;
				TARGETED_DEVICE_FAMILY = 4;
				WATCHOS_DEPLOYMENT_TARGET = 26.2;
			};
			name = Release;
		};
		5E8EBC622F4FE1B20006A5B3 /* Debug */ = {
			isa = XCBuildConfiguration;
			buildSettings = {
				BUNDLE_LOADER = "$(TEST_HOST)";
				CODE_SIGN_STYLE = Automatic;
				CURRENT_PROJECT_VERSION = 1;
				DEVELOPMENT_TEAM = UX6Z4ZY692;
				GENERATE_INFOPLIST_FILE = YES;
				MARKETING_VERSION = 1.0;
				PRODUCT_BUNDLE_IDENTIFIER = "com.greenwoodpark.Grainstorage.GrainStorageWatch-Watch-AppTests";
				PRODUCT_NAME = "$(TARGET_NAME)";
				SDKROOT = watchos;
				STRING_CATALOG_GENERATE_SYMBOLS = NO;
				SWIFT_APPROACHABLE_CONCURRENCY = YES;
				SWIFT_EMIT_LOC_STRINGS = NO;
				SWIFT_UPCOMING_FEATURE_MEMBER_IMPORT_VISIBILITY = YES;
				SWIFT_VERSION = 5.0;
				TARGETED_DEVICE_FAMILY = 4;
				TEST_HOST = "$(BUILT_PRODUCTS_DIR)/GrainStorageWatch Watch App.app/$(BUNDLE_EXECUTABLE_FOLDER_PATH)/GrainStorageWatch Watch App";
				WATCHOS_DEPLOYMENT_TARGET = 26.2;
			};
			name = Debug;
		};
		5E8EBC632F4FE1B20006A5B3 /* Release */ = {
			isa = XCBuildConfiguration;
			buildSettings = {
				BUNDLE_LOADER = "$(TEST_HOST)";
				CODE_SIGN_STYLE = Automatic;
				CURRENT_PROJECT_VERSION = 1;
				DEVELOPMENT_TEAM = UX6Z4ZY692;
				GENERATE_INFOPLIST_FILE = YES;
				MARKETING_VERSION = 1.0;
				PRODUCT_BUNDLE_IDENTIFIER = "com.greenwoodpark.Grainstorage.GrainStorageWatch-Watch-AppTests";
				PRODUCT_NAME = "$(TARGET_NAME)";
				SDKROOT = watchos;
				STRING_CATALOG_GENERATE_SYMBOLS = NO;
				SWIFT_APPROACHABLE_CONCURRENCY = YES;
				SWIFT_EMIT_LOC_STRINGS = NO;
				SWIFT_UPCOMING_FEATURE_MEMBER_IMPORT_VISIBILITY = YES;
				SWIFT_VERSION = 5.0;
				TARGETED_DEVICE_FAMILY = 4;
				TEST_HOST = "$(BUILT_PRODUCTS_DIR)/GrainStorageWatch Watch App.app/$(BUNDLE_EXECUTABLE_FOLDER_PATH)/GrainStorageWatch Watch App";
				WATCHOS_DEPLOYMENT_TARGET = 26.2;
			};
			name = Release;
		};
		5E8EBC652F4FE1B20006A5B3 /* Debug */ = {
			isa = XCBuildConfiguration;
			buildSettings = {
				CODE_SIGN_STYLE = Automatic;
				CURRENT_PROJECT_VERSION = 1;
				DEVELOPMENT_TEAM = UX6Z4ZY692;
				GENERATE_INFOPLIST_FILE = YES;
				MARKETING_VERSION = 1.0;
				PRODUCT_BUNDLE_IDENTIFIER = "com.greenwoodpark.Grainstorage.GrainStorageWatch-Watch-AppUITests";
				PRODUCT_NAME = "$(TARGET_NAME)";
				SDKROOT = watchos;
				STRING_CATALOG_GENERATE_SYMBOLS = NO;
				SWIFT_APPROACHABLE_CONCURRENCY = YES;
				SWIFT_EMIT_LOC_STRINGS = NO;
				SWIFT_UPCOMING_FEATURE_MEMBER_IMPORT_VISIBILITY = YES;
				SWIFT_VERSION = 5.0;
				TARGETED_DEVICE_FAMILY = 4;
				TEST_TARGET_NAME = "GrainStorageWatch Watch App";
				WATCHOS_DEPLOYMENT_TARGET = 26.2;
			};
			name = Debug;
		};
		5E8EBC662F4FE1B20006A5B3 /* Release */ = {
			isa = XCBuildConfiguration;
			buildSettings = {
				CODE_SIGN_STYLE = Automatic;
				CURRENT_PROJECT_VERSION = 1;
				DEVELOPMENT_TEAM = UX6Z4ZY692;
				GENERATE_INFOPLIST_FILE = YES;
				MARKETING_VERSION = 1.0;
				PRODUCT_BUNDLE_IDENTIFIER = "com.greenwoodpark.Grainstorage.GrainStorageWatch-Watch-AppUITests";
				PRODUCT_NAME = "$(TARGET_NAME)";
				SDKROOT = watchos;
				STRING_CATALOG_GENERATE_SYMBOLS = NO;
				SWIFT_APPROACHABLE_CONCURRENCY = YES;
				SWIFT_EMIT_LOC_STRINGS = NO;
				SWIFT_UPCOMING_FEATURE_MEMBER_IMPORT_VISIBILITY = YES;
				SWIFT_VERSION = 5.0;
				TARGETED_DEVICE_FAMILY = 4;
				TEST_TARGET_NAME = "GrainStorageWatch Watch App";
				WATCHOS_DEPLOYMENT_TARGET = 26.2;
			};
			name = Release;
		};
/* End XCBuildConfiguration section */

/* Begin XCConfigurationList section */
		5E8EB5CF2F4C5C090006A5B3 /* Build configuration list for PBXProject "Tepari" */ = {
			isa = XCConfigurationList;
			buildConfigurations = (
				5E8EB5FB2F4C5C0D0006A5B3 /* Debug */,
				5E8EB5FC2F4C5C0D0006A5B3 /* Release */,
			);
			defaultConfigurationIsVisible = 0;
			defaultConfigurationName = Release;
		};
		5E8EB5F82F4C5C0D0006A5B3 /* Build configuration list for PBXNativeTarget "Tepari" */ = {
			isa = XCConfigurationList;
			buildConfigurations = (
				5E8EB5F92F4C5C0D0006A5B3 /* Debug */,
				5E8EB5FA2F4C5C0D0006A5B3 /* Release */,
			);
			defaultConfigurationIsVisible = 0;
			defaultConfigurationName = Release;
		};
		5E8EB5FD2F4C5C0D0006A5B3 /* Build configuration list for PBXNativeTarget "TepariTests" */ = {
			isa = XCConfigurationList;
			buildConfigurations = (
				5E8EB5FE2F4C5C0D0006A5B3 /* Debug */,
				5E8EB5FF2F4C5C0D0006A5B3 /* Release */,
			);
			defaultConfigurationIsVisible = 0;
			defaultConfigurationName = Release;
		};
		5E8EB6002F4C5C0D0006A5B3 /* Build configuration list for PBXNativeTarget "TepariUITests" */ = {
			isa = XCConfigurationList;
			buildConfigurations = (
				5E8EB6012F4C5C0D0006A5B3 /* Debug */,
				5E8EB6022F4C5C0D0006A5B3 /* Release */,
			);
			defaultConfigurationIsVisible = 0;
			defaultConfigurationName = Release;
		};
		5E8EBC5D2F4FE1B20006A5B3 /* Build configuration list for PBXNativeTarget "GrainStorageWatch Watch App" */ = {
			isa = XCConfigurationList;
			buildConfigurations = (
				5E8EBC5E2F4FE1B20006A5B3 /* Debug */,
				5E8EBC5F2F4FE1B20006A5B3 /* Release */,
			);
			defaultConfigurationIsVisible = 0;
			defaultConfigurationName = Release;
		};
		5E8EBC612F4FE1B20006A5B3 /* Build configuration list for PBXNativeTarget "GrainStorageWatch Watch AppTests" */ = {
			isa = XCConfigurationList;
			buildConfigurations = (
				5E8EBC622F4FE1B20006A5B3 /* Debug */,
				5E8EBC632F4FE1B20006A5B3 /* Release */,
			);
			defaultConfigurationIsVisible = 0;
			defaultConfigurationName = Release;
		};
		5E8EBC642F4FE1B20006A5B3 /* Build configuration list for PBXNativeTarget "GrainStorageWatch Watch AppUITests" */ = {
			isa = XCConfigurationList;
			buildConfigurations = (
				5E8EBC652F4FE1B20006A5B3 /* Debug */,
				5E8EBC662F4FE1B20006A5B3 /* Release */,
			);
			defaultConfigurationIsVisible = 0;
			defaultConfigurationName = Release;
		};
/* End XCConfigurationList section */
	};
	rootObject = 5E8EB5CC2F4C5C090006A5B3 /* Project object */;
}
